
Microsoft Visual Studio Solution File, Format Version 12.00
# Visual Studio 15
VisualStudioVersion = 15.0.26124.0
MinimumVisualStudioVersion = 15.0.26124.0
Project("{FAE04EC0-301F-11D3-BF4B-00C04F79EFBC}") = "ProAgil.WebAPI", "ProAgil.WebAPI\ProAgil.WebAPI.csproj", "{A47EFF90-B2CD-4C4D-8B82-0EBF0D1E872A}"
EndProject
Project("{FAE04EC0-301F-11D3-BF4B-00C04F79EFBC}") = "ProAgil.Repository", "ProAgil.Repository\ProAgil.Repository.csproj", "{E9911FFC-48D4-4110-A42B-DCDEBB82E35A}"
EndProject
Project("{FAE04EC0-301F-11D3-BF4B-00C04F79EFBC}") = "ProAgil.Domain", "ProAgil.Domain\ProAgil.Domain.csproj", "{5D2471E0-2C2E-4E1E-A5AF-F58031B0EEB2}"
EndProject
Global
	GlobalSection(SolutionConfigurationPlatforms) = preSolution
		Debug|Any CPU = Debug|Any CPU
		Debug|x64 = Debug|x64
		Debug|x86 = Debug|x86
		Release|Any CPU = Release|Any CPU
		Release|x64 = Release|x64
		Release|x86 = Release|x86
	EndGlobalSection
	GlobalSection(SolutionProperties) = preSolution
		HideSolutionNode = FALSE
	EndGlobalSection
	GlobalSection(ProjectConfigurationPlatforms) = postSolution
		{A47EFF90-B2CD-4C4D-8B82-0EBF0D1E872A}.Debug|Any CPU.ActiveCfg = Debug|Any CPU
		{A47EFF90-B2CD-4C4D-8B82-0EBF0D1E872A}.Debug|Any CPU.Build.0 = Debug|Any CPU
		{A47EFF90-B2CD-4C4D-8B82-0EBF0D1E872A}.Debug|x64.ActiveCfg = Debug|Any CPU
		{A47EFF90-B2CD-4C4D-8B82-0EBF0D1E872A}.Debug|x64.Build.0 = Debug|Any CPU
		{A47EFF90-B2CD-4C4D-8B82-0EBF0D1E872A}.Debug|x86.ActiveCfg = Debug|Any CPU
		{A47EFF90-B2CD-4C4D-8B82-0EBF0D1E872A}.Debug|x86.Build.0 = Debug|Any CPU
		{A47EFF90-B2CD-4C4D-8B82-0EBF0D1E872A}.Release|Any CPU.ActiveCfg = Release|Any CPU
		{A47EFF90-B2CD-4C4D-8B82-0EBF0D1E872A}.Release|Any CPU.Build.0 = Release|Any CPU
		{A47EFF90-B2CD-4C4D-8B82-0EBF0D1E872A}.Release|x64.ActiveCfg = Release|Any CPU
		{A47EFF90-B2CD-4C4D-8B82-0EBF0D1E872A}.Release|x64.Build.0 = Release|Any CPU
		{A47EFF90-B2CD-4C4D-8B82-0EBF0D1E872A}.Release|x86.ActiveCfg = Release|Any CPU
		{A47EFF90-B2CD-4C4D-8B82-0EBF0D1E872A}.Release|x86.Build.0 = Release|Any CPU
		{E9911FFC-48D4-4110-A42B-DCDEBB82E35A}.Debug|Any CPU.ActiveCfg = Debug|Any CPU
		{E9911FFC-48D4-4110-A42B-DCDEBB82E35A}.Debug|Any CPU.Build.0 = Debug|Any CPU
		{E9911FFC-48D4-4110-A42B-DCDEBB82E35A}.Debug|x64.ActiveCfg = Debug|Any CPU
		{E9911FFC-48D4-4110-A42B-DCDEBB82E35A}.Debug|x64.Build.0 = Debug|Any CPU
		{E9911FFC-48D4-4110-A42B-DCDEBB82E35A}.Debug|x86.ActiveCfg = Debug|Any CPU
		{E9911FFC-48D4-4110-A42B-DCDEBB82E35A}.Debug|x86.Build.0 = Debug|Any CPU
		{E9911FFC-48D4-4110-A42B-DCDEBB82E35A}.Release|Any CPU.ActiveCfg = Release|Any CPU
		{E9911FFC-48D4-4110-A42B-DCDEBB82E35A}.Release|Any CPU.Build.0 = Release|Any CPU
		{E9911FFC-48D4-4110-A42B-DCDEBB82E35A}.Release|x64.ActiveCfg = Release|Any CPU
		{E9911FFC-48D4-4110-A42B-DCDEBB82E35A}.Release|x64.Build.0 = Release|Any CPU
		{E9911FFC-48D4-4110-A42B-DCDEBB82E35A}.Release|x86.ActiveCfg = Release|Any CPU
		{E9911FFC-48D4-4110-A42B-DCDEBB82E35A}.Release|x86.Build.0 = Release|Any CPU
		{5D2471E0-2C2E-4E1E-A5AF-F58031B0EEB2}.Debug|Any CPU.ActiveCfg = Debug|Any CPU
		{5D2471E0-2C2E-4E1E-A5AF-F58031B0EEB2}.Debug|Any CPU.Build.0 = Debug|Any CPU
		{5D2471E0-2C2E-4E1E-A5AF-F58031B0EEB2}.Debug|x64.ActiveCfg = Debug|Any CPU
		{5D2471E0-2C2E-4E1E-A5AF-F58031B0EEB2}.Debug|x64.Build.0 = Debug|Any CPU
		{5D2471E0-2C2E-4E1E-A5AF-F58031B0EEB2}.Debug|x86.ActiveCfg = Debug|Any CPU
		{5D2471E0-2C2E-4E1E-A5AF-F58031B0EEB2}.Debug|x86.Build.0 = Debug|Any CPU
		{5D2471E0-2C2E-4E1E-A5AF-F58031B0EEB2}.Release|Any CPU.ActiveCfg = Release|Any CPU
		{5D2471E0-2C2E-4E1E-A5AF-F58031B0EEB2}.Release|Any CPU.Build.0 = Release|Any CPU
		{5D2471E0-2C2E-4E1E-A5AF-F58031B0EEB2}.Release|x64.ActiveCfg = Release|Any CPU
		{5D2471E0-2C2E-4E1E-A5AF-F58031B0EEB2}.Release|x64.Build.0 = Release|Any CPU
		{5D2471E0-2C2E-4E1E-A5AF-F58031B0EEB2}.Release|x86.ActiveCfg = Release|Any CPU
		{5D2471E0-2C2E-4E1E-A5AF-F58031B0EEB2}.Release|x86.Build.0 = Release|Any CPU
	EndGlobalSection
EndGlobal
